
Microsoft Visual Studio Solution File, Format Version 12.00
# Visual Studio Version 17
VisualStudioVersion = 17.10.35027.167
MinimumVisualStudioVersion = 10.0.40219.1
Project("{9A19103F-16F7-4668-BE54-9A1E7A4F7556}") = "BusinessLayer", "BusinessLayer\BusinessLayer.csproj", "{8F78EC32-8F8D-4FAC-8E3C-E5B3126612B9}"
EndProject
Project("{9A19103F-16F7-4668-BE54-9A1E7A4F7556}") = "CommonLayer", "CommonLayer\CommonLayer.csproj", "{F637E515-4EA3-4E82-BA5A-FA0D22002506}"
EndProject
Project("{9A19103F-16F7-4668-BE54-9A1E7A4F7556}") = "DataAccessLayer", "DataAccessLayer\DataAccessLayer.csproj", "{E8F82573-3388-42E9-8E5A-B887AF8AE35E}"
EndProject
Project("{9A19103F-16F7-4668-BE54-9A1E7A4F7556}") = "PresentationLayer", "PresentationLayer\PresentationLayer.csproj", "{A53C7147-5067-457C-A088-DC20812C6825}"
EndProject
Project("{FAE04EC0-301F-11D3-BF4B-00C04F79EFBC}") = "LoginForm", "LoginForm\LoginForm.csproj", "{0568DF75-D862-4B5A-8E81-3A8CF995A29C}"
EndProject
Global
	GlobalSection(SolutionConfigurationPlatforms) = preSolution
		Debug|Any CPU = Debug|Any CPU
		Release|Any CPU = Release|Any CPU
	EndGlobalSection
	GlobalSection(ProjectConfigurationPlatforms) = postSolution
		{8F78EC32-8F8D-4FAC-8E3C-E5B3126612B9}.Debug|Any CPU.ActiveCfg = Debug|Any CPU
		{8F78EC32-8F8D-4FAC-8E3C-E5B3126612B9}.Debug|Any CPU.Build.0 = Debug|Any CPU
		{8F78EC32-8F8D-4FAC-8E3C-E5B3126612B9}.Release|Any CPU.ActiveCfg = Release|Any CPU
		{8F78EC32-8F8D-4FAC-8E3C-E5B3126612B9}.Release|Any CPU.Build.0 = Release|Any CPU
		{F637E515-4EA3-4E82-BA5A-FA0D22002506}.Debug|Any CPU.ActiveCfg = Debug|Any CPU
		{F637E515-4EA3-4E82-BA5A-FA0D22002506}.Debug|Any CPU.Build.0 = Debug|Any CPU
		{F637E515-4EA3-4E82-BA5A-FA0D22002506}.Release|Any CPU.ActiveCfg = Release|Any CPU
		{F637E515-4EA3-4E82-BA5A-FA0D22002506}.Release|Any CPU.Build.0 = Release|Any CPU
		{E8F82573-3388-42E9-8E5A-B887AF8AE35E}.Debug|Any CPU.ActiveCfg = Debug|Any CPU
		{E8F82573-3388-42E9-8E5A-B887AF8AE35E}.Debug|Any CPU.Build.0 = Debug|Any CPU
		{E8F82573-3388-42E9-8E5A-B887AF8AE35E}.Release|Any CPU.ActiveCfg = Release|Any CPU
		{E8F82573-3388-42E9-8E5A-B887AF8AE35E}.Release|Any CPU.Build.0 = Release|Any CPU
		{A53C7147-5067-457C-A088-DC20812C6825}.Debug|Any CPU.ActiveCfg = Debug|Any CPU
		{A53C7147-5067-457C-A088-DC20812C6825}.Debug|Any CPU.Build.0 = Debug|Any CPU
		{A53C7147-5067-457C-A088-DC20812C6825}.Release|Any CPU.ActiveCfg = Release|Any CPU
		{A53C7147-5067-457C-A088-DC20812C6825}.Release|Any CPU.Build.0 = Release|Any CPU
		{0568DF75-D862-4B5A-8E81-3A8CF995A29C}.Debug|Any CPU.ActiveCfg = Debug|Any CPU
		{0568DF75-D862-4B5A-8E81-3A8CF995A29C}.Debug|Any CPU.Build.0 = Debug|Any CPU
		{0568DF75-D862-4B5A-8E81-3A8CF995A29C}.Release|Any CPU.ActiveCfg = Release|Any CPU
		{0568DF75-D862-4B5A-8E81-3A8CF995A29C}.Release|Any CPU.Build.0 = Release|Any CPU
	EndGlobalSection
	GlobalSection(SolutionProperties) = preSolution
		HideSolutionNode = FALSE
	EndGlobalSection
	GlobalSection(ExtensibilityGlobals) = postSolution
		SolutionGuid = {F7C1D840-1291-49DC-8A0D-01546EA9F98E}
	EndGlobalSection
EndGlobal
